// !$*UTF8*$!
{
	archiveVersion = 1;
	classes = {
	};
	objectVersion = 50;
	objects = {

/* Begin PBXBuildFile section */
		E34133F47D5E5A8536580D54 /* Pods_Event_AppTests.framework in Frameworks */ = {isa = PBXBuildFile; fileRef = 9A8EBD34E48E5D2529ADD84F /* Pods_Event_AppTests.framework */; };
		EE91854131C0EB271F80BF41 /* Pods_Event_App.framework in Frameworks */ = {isa = PBXBuildFile; fileRef = 666CD3B9AD8D1BFBE433F951 /* Pods_Event_App.framework */; };
		F5201AE722FFC4FB007E991D /* AppCoordinator.swift in Sources */ = {isa = PBXBuildFile; fileRef = F5201AE622FFC4FB007E991D /* AppCoordinator.swift */; };
		F5201AEF22FFC598007E991D /* BasePresenter.swift in Sources */ = {isa = PBXBuildFile; fileRef = F5201AEE22FFC598007E991D /* BasePresenter.swift */; };
		F5201AF122FFC5A9007E991D /* EventsPresenter.swift in Sources */ = {isa = PBXBuildFile; fileRef = F5201AF022FFC5A9007E991D /* EventsPresenter.swift */; };
		F5201AF422FFC5B6007E991D /* EventsViewController.swift in Sources */ = {isa = PBXBuildFile; fileRef = F5201AF222FFC5B6007E991D /* EventsViewController.swift */; };
		F5201AF522FFC5B6007E991D /* EventsViewController.xib in Resources */ = {isa = PBXBuildFile; fileRef = F5201AF322FFC5B6007E991D /* EventsViewController.xib */; };
		F5201AF822FFC5D7007E991D /* ServiceFactory.swift in Sources */ = {isa = PBXBuildFile; fileRef = F5201AF722FFC5D7007E991D /* ServiceFactory.swift */; };
		F5201AFA22FFC5E3007E991D /* NetworkService.swift in Sources */ = {isa = PBXBuildFile; fileRef = F5201AF922FFC5E3007E991D /* NetworkService.swift */; };
		F5201AFC22FFC5F1007E991D /* BaseNetworkService.swift in Sources */ = {isa = PBXBuildFile; fileRef = F5201AFB22FFC5F1007E991D /* BaseNetworkService.swift */; };
		F597953B22FFC83A003A7146 /* Service Errors.swift in Sources */ = {isa = PBXBuildFile; fileRef = F597953A22FFC83A003A7146 /* Service Errors.swift */; };
		F597953D22FFC86A003A7146 /* Event.swift in Sources */ = {isa = PBXBuildFile; fileRef = F597953C22FFC86A003A7146 /* Event.swift */; };
		F597954122FFCAB6003A7146 /* EventTableViewCell.swift in Sources */ = {isa = PBXBuildFile; fileRef = F597953F22FFCAB6003A7146 /* EventTableViewCell.swift */; };
		F597954222FFCAB6003A7146 /* EventTableViewCell.xib in Resources */ = {isa = PBXBuildFile; fileRef = F597954022FFCAB6003A7146 /* EventTableViewCell.xib */; };
		F597954422FFD0A0003A7146 /* FavouritesService.swift in Sources */ = {isa = PBXBuildFile; fileRef = F597954322FFD0A0003A7146 /* FavouritesService.swift */; };
		F597954622FFD5A3003A7146 /* DateExtensions.swift in Sources */ = {isa = PBXBuildFile; fileRef = F597954522FFD5A3003A7146 /* DateExtensions.swift */; };
		F597954922FFD972003A7146 /* LoadMoreTableViewCell.swift in Sources */ = {isa = PBXBuildFile; fileRef = F597954722FFD972003A7146 /* LoadMoreTableViewCell.swift */; };
		F597954A22FFD972003A7146 /* LoadMoreTableViewCell.xib in Resources */ = {isa = PBXBuildFile; fileRef = F597954822FFD972003A7146 /* LoadMoreTableViewCell.xib */; };
		F597954C22FFE0AA003A7146 /* MockServices.swift in Sources */ = {isa = PBXBuildFile; fileRef = F597954B22FFE0AA003A7146 /* MockServices.swift */; };
		F5CD458B22FFBA8700DDF5AD /* AppDelegate.swift in Sources */ = {isa = PBXBuildFile; fileRef = F5CD458A22FFBA8700DDF5AD /* AppDelegate.swift */; };
		F5CD458D22FFBA8700DDF5AD /* ViewController.swift in Sources */ = {isa = PBXBuildFile; fileRef = F5CD458C22FFBA8700DDF5AD /* ViewController.swift */; };
		F5CD459222FFBA8800DDF5AD /* Assets.xcassets in Resources */ = {isa = PBXBuildFile; fileRef = F5CD459122FFBA8800DDF5AD /* Assets.xcassets */; };
		F5CD459522FFBA8800DDF5AD /* LaunchScreen.storyboard in Resources */ = {isa = PBXBuildFile; fileRef = F5CD459322FFBA8800DDF5AD /* LaunchScreen.storyboard */; };
		F5CD45A022FFBA8800DDF5AD /* PresenterTests.swift in Sources */ = {isa = PBXBuildFile; fileRef = F5CD459F22FFBA8800DDF5AD /* PresenterTests.swift */; };
/* End PBXBuildFile section */

/* Begin PBXContainerItemProxy section */
		F5CD459C22FFBA8800DDF5AD /* PBXContainerItemProxy */ = {
			isa = PBXContainerItemProxy;
			containerPortal = F5CD457F22FFBA8700DDF5AD /* Project object */;
			proxyType = 1;
			remoteGlobalIDString = F5CD458622FFBA8700DDF5AD;
			remoteInfo = "Event-App";
		};
/* End PBXContainerItemProxy section */

/* Begin PBXFileReference section */
		0AC8958732067069A8EB7AB7 /* Pods-Event-App.release.xcconfig */ = {isa = PBXFileReference; includeInIndex = 1; lastKnownFileType = text.xcconfig; name = "Pods-Event-App.release.xcconfig"; path = "Pods/Target Support Files/Pods-Event-App/Pods-Event-App.release.xcconfig"; sourceTree = "<group>"; };
		0D694FF7D533330196941A0B /* Pods-Event-AppTests.debug.xcconfig */ = {isa = PBXFileReference; includeInIndex = 1; lastKnownFileType = text.xcconfig; name = "Pods-Event-AppTests.debug.xcconfig"; path = "Pods/Target Support Files/Pods-Event-AppTests/Pods-Event-AppTests.debug.xcconfig"; sourceTree = "<group>"; };
		2FC54E4E88AAF4493EE005C7 /* Pods-Event-App.debug.xcconfig */ = {isa = PBXFileReference; includeInIndex = 1; lastKnownFileType = text.xcconfig; name = "Pods-Event-App.debug.xcconfig"; path = "Pods/Target Support Files/Pods-Event-App/Pods-Event-App.debug.xcconfig"; sourceTree = "<group>"; };
		666CD3B9AD8D1BFBE433F951 /* Pods_Event_App.framework */ = {isa = PBXFileReference; explicitFileType = wrapper.framework; includeInIndex = 0; path = Pods_Event_App.framework; sourceTree = BUILT_PRODUCTS_DIR; };
		707460BBEEFC88F23161C6DE /* Pods-Event-AppTests.release.xcconfig */ = {isa = PBXFileReference; includeInIndex = 1; lastKnownFileType = text.xcconfig; name = "Pods-Event-AppTests.release.xcconfig"; path = "Pods/Target Support Files/Pods-Event-AppTests/Pods-Event-AppTests.release.xcconfig"; sourceTree = "<group>"; };
		9A8EBD34E48E5D2529ADD84F /* Pods_Event_AppTests.framework */ = {isa = PBXFileReference; explicitFileType = wrapper.framework; includeInIndex = 0; path = Pods_Event_AppTests.framework; sourceTree = BUILT_PRODUCTS_DIR; };
		F5201AE622FFC4FB007E991D /* AppCoordinator.swift */ = {isa = PBXFileReference; lastKnownFileType = sourcecode.swift; path = AppCoordinator.swift; sourceTree = "<group>"; };
		F5201AEE22FFC598007E991D /* BasePresenter.swift */ = {isa = PBXFileReference; lastKnownFileType = sourcecode.swift; path = BasePresenter.swift; sourceTree = "<group>"; };
		F5201AF022FFC5A9007E991D /* EventsPresenter.swift */ = {isa = PBXFileReference; lastKnownFileType = sourcecode.swift; path = EventsPresenter.swift; sourceTree = "<group>"; };
		F5201AF222FFC5B6007E991D /* EventsViewController.swift */ = {isa = PBXFileReference; lastKnownFileType = sourcecode.swift; path = EventsViewController.swift; sourceTree = "<group>"; };
		F5201AF322FFC5B6007E991D /* EventsViewController.xib */ = {isa = PBXFileReference; lastKnownFileType = file.xib; path = EventsViewController.xib; sourceTree = "<group>"; };
		F5201AF722FFC5D7007E991D /* ServiceFactory.swift */ = {isa = PBXFileReference; lastKnownFileType = sourcecode.swift; path = ServiceFactory.swift; sourceTree = "<group>"; };
		F5201AF922FFC5E3007E991D /* NetworkService.swift */ = {isa = PBXFileReference; lastKnownFileType = sourcecode.swift; path = NetworkService.swift; sourceTree = "<group>"; };
		F5201AFB22FFC5F1007E991D /* BaseNetworkService.swift */ = {isa = PBXFileReference; lastKnownFileType = sourcecode.swift; path = BaseNetworkService.swift; sourceTree = "<group>"; };
		F597953A22FFC83A003A7146 /* Service Errors.swift */ = {isa = PBXFileReference; lastKnownFileType = sourcecode.swift; path = "Service Errors.swift"; sourceTree = "<group>"; };
		F597953C22FFC86A003A7146 /* Event.swift */ = {isa = PBXFileReference; lastKnownFileType = sourcecode.swift; path = Event.swift; sourceTree = "<group>"; };
		F597953F22FFCAB6003A7146 /* EventTableViewCell.swift */ = {isa = PBXFileReference; lastKnownFileType = sourcecode.swift; path = EventTableViewCell.swift; sourceTree = "<group>"; };
		F597954022FFCAB6003A7146 /* EventTableViewCell.xib */ = {isa = PBXFileReference; lastKnownFileType = file.xib; path = EventTableViewCell.xib; sourceTree = "<group>"; };
		F597954322FFD0A0003A7146 /* FavouritesService.swift */ = {isa = PBXFileReference; lastKnownFileType = sourcecode.swift; path = FavouritesService.swift; sourceTree = "<group>"; };
		F597954522FFD5A3003A7146 /* DateExtensions.swift */ = {isa = PBXFileReference; lastKnownFileType = sourcecode.swift; path = DateExtensions.swift; sourceTree = "<group>"; };
		F597954722FFD972003A7146 /* LoadMoreTableViewCell.swift */ = {isa = PBXFileReference; lastKnownFileType = sourcecode.swift; path = LoadMoreTableViewCell.swift; sourceTree = "<group>"; };
		F597954822FFD972003A7146 /* LoadMoreTableViewCell.xib */ = {isa = PBXFileReference; lastKnownFileType = file.xib; path = LoadMoreTableViewCell.xib; sourceTree = "<group>"; };
		F597954B22FFE0AA003A7146 /* MockServices.swift */ = {isa = PBXFileReference; lastKnownFileType = sourcecode.swift; path = MockServices.swift; sourceTree = "<group>"; };
		F5CD458722FFBA8700DDF5AD /* Event-App.app */ = {isa = PBXFileReference; explicitFileType = wrapper.application; includeInIndex = 0; path = "Event-App.app"; sourceTree = BUILT_PRODUCTS_DIR; };
		F5CD458A22FFBA8700DDF5AD /* AppDelegate.swift */ = {isa = PBXFileReference; lastKnownFileType = sourcecode.swift; path = AppDelegate.swift; sourceTree = "<group>"; };
		F5CD458C22FFBA8700DDF5AD /* ViewController.swift */ = {isa = PBXFileReference; lastKnownFileType = sourcecode.swift; path = ViewController.swift; sourceTree = "<group>"; };
		F5CD459122FFBA8800DDF5AD /* Assets.xcassets */ = {isa = PBXFileReference; lastKnownFileType = folder.assetcatalog; path = Assets.xcassets; sourceTree = "<group>"; };
		F5CD459422FFBA8800DDF5AD /* Base */ = {isa = PBXFileReference; lastKnownFileType = file.storyboard; name = Base; path = Base.lproj/LaunchScreen.storyboard; sourceTree = "<group>"; };
		F5CD459622FFBA8800DDF5AD /* Info.plist */ = {isa = PBXFileReference; lastKnownFileType = text.plist.xml; path = Info.plist; sourceTree = "<group>"; };
		F5CD459B22FFBA8800DDF5AD /* Event-AppTests.xctest */ = {isa = PBXFileReference; explicitFileType = wrapper.cfbundle; includeInIndex = 0; path = "Event-AppTests.xctest"; sourceTree = BUILT_PRODUCTS_DIR; };
		F5CD459F22FFBA8800DDF5AD /* PresenterTests.swift */ = {isa = PBXFileReference; lastKnownFileType = sourcecode.swift; path = PresenterTests.swift; sourceTree = "<group>"; };
		F5CD45A122FFBA8800DDF5AD /* Info.plist */ = {isa = PBXFileReference; lastKnownFileType = text.plist.xml; path = Info.plist; sourceTree = "<group>"; };
/* End PBXFileReference section */

/* Begin PBXFrameworksBuildPhase section */
		F5CD458422FFBA8700DDF5AD /* Frameworks */ = {
			isa = PBXFrameworksBuildPhase;
			buildActionMask = 2147483647;
			files = (
				EE91854131C0EB271F80BF41 /* Pods_Event_App.framework in Frameworks */,
			);
			runOnlyForDeploymentPostprocessing = 0;
		};
		F5CD459822FFBA8800DDF5AD /* Frameworks */ = {
			isa = PBXFrameworksBuildPhase;
			buildActionMask = 2147483647;
			files = (
				E34133F47D5E5A8536580D54 /* Pods_Event_AppTests.framework in Frameworks */,
			);
			runOnlyForDeploymentPostprocessing = 0;
		};
/* End PBXFrameworksBuildPhase section */

/* Begin PBXGroup section */
		A6612A081E3B3A6A310681CC /* Frameworks */ = {
			isa = PBXGroup;
			children = (
				666CD3B9AD8D1BFBE433F951 /* Pods_Event_App.framework */,
				9A8EBD34E48E5D2529ADD84F /* Pods_Event_AppTests.framework */,
			);
			name = Frameworks;
			sourceTree = "<group>";
		};
		E402E1BD46A44C3D4AB8B7AA /* Pods */ = {
			isa = PBXGroup;
			children = (
				2FC54E4E88AAF4493EE005C7 /* Pods-Event-App.debug.xcconfig */,
				0AC8958732067069A8EB7AB7 /* Pods-Event-App.release.xcconfig */,
				0D694FF7D533330196941A0B /* Pods-Event-AppTests.debug.xcconfig */,
				707460BBEEFC88F23161C6DE /* Pods-Event-AppTests.release.xcconfig */,
			);
			name = Pods;
			sourceTree = "<group>";
		};
		F5201AE522FFC4AF007E991D /* Coordinator */ = {
			isa = PBXGroup;
			children = (
				F5201AE622FFC4FB007E991D /* AppCoordinator.swift */,
			);
			path = Coordinator;
			sourceTree = "<group>";
		};
		F5201AE822FFC504007E991D /* Resources */ = {
			isa = PBXGroup;
			children = (
				F5CD458A22FFBA8700DDF5AD /* AppDelegate.swift */,
				F5CD458C22FFBA8700DDF5AD /* ViewController.swift */,
				F5CD459122FFBA8800DDF5AD /* Assets.xcassets */,
				F5CD459322FFBA8800DDF5AD /* LaunchScreen.storyboard */,
				F5CD459622FFBA8800DDF5AD /* Info.plist */,
			);
			path = Resources;
			sourceTree = "<group>";
		};
		F5201AE922FFC50F007E991D /* Models */ = {
			isa = PBXGroup;
			children = (
				F597953C22FFC86A003A7146 /* Event.swift */,
			);
			path = Models;
			sourceTree = "<group>";
		};
		F5201AEA22FFC515007E991D /* Services */ = {
			isa = PBXGroup;
			children = (
				F5201AF722FFC5D7007E991D /* ServiceFactory.swift */,
				F5201AF922FFC5E3007E991D /* NetworkService.swift */,
				F5201AFB22FFC5F1007E991D /* BaseNetworkService.swift */,
				F597954322FFD0A0003A7146 /* FavouritesService.swift */,
			);
			path = Services;
			sourceTree = "<group>";
		};
		F5201AED22FFC579007E991D /* View Controllers */ = {
			isa = PBXGroup;
			children = (
				F597953E22FFCAA5003A7146 /* Cells */,
				F5201AEE22FFC598007E991D /* BasePresenter.swift */,
				F5201AF022FFC5A9007E991D /* EventsPresenter.swift */,
				F5201AF222FFC5B6007E991D /* EventsViewController.swift */,
				F5201AF322FFC5B6007E991D /* EventsViewController.xib */,
			);
			path = "View Controllers";
			sourceTree = "<group>";
		};
		F597953922FFC821003A7146 /* Utility Files */ = {
			isa = PBXGroup;
			children = (
				F597953A22FFC83A003A7146 /* Service Errors.swift */,
				F597954522FFD5A3003A7146 /* DateExtensions.swift */,
			);
			path = "Utility Files";
			sourceTree = "<group>";
		};
		F597953E22FFCAA5003A7146 /* Cells */ = {
			isa = PBXGroup;
			children = (
				F597953F22FFCAB6003A7146 /* EventTableViewCell.swift */,
				F597954022FFCAB6003A7146 /* EventTableViewCell.xib */,
				F597954722FFD972003A7146 /* LoadMoreTableViewCell.swift */,
				F597954822FFD972003A7146 /* LoadMoreTableViewCell.xib */,
			);
			path = Cells;
			sourceTree = "<group>";
		};
		F5CD457E22FFBA8700DDF5AD = {
			isa = PBXGroup;
			children = (
				F5CD458922FFBA8700DDF5AD /* Event-App */,
				F5CD459E22FFBA8800DDF5AD /* Event-AppTests */,
				F5CD458822FFBA8700DDF5AD /* Products */,
				E402E1BD46A44C3D4AB8B7AA /* Pods */,
				A6612A081E3B3A6A310681CC /* Frameworks */,
			);
			sourceTree = "<group>";
		};
		F5CD458822FFBA8700DDF5AD /* Products */ = {
			isa = PBXGroup;
			children = (
				F5CD458722FFBA8700DDF5AD /* Event-App.app */,
				F5CD459B22FFBA8800DDF5AD /* Event-AppTests.xctest */,
			);
			name = Products;
			sourceTree = "<group>";
		};
		F5CD458922FFBA8700DDF5AD /* Event-App */ = {
			isa = PBXGroup;
			children = (
				F5201AE522FFC4AF007E991D /* Coordinator */,
				F5201AED22FFC579007E991D /* View Controllers */,
				F5201AE822FFC504007E991D /* Resources */,
				F5201AE922FFC50F007E991D /* Models */,
				F5201AEA22FFC515007E991D /* Services */,
				F597953922FFC821003A7146 /* Utility Files */,
			);
			path = "Event-App";
			sourceTree = "<group>";
		};
		F5CD459E22FFBA8800DDF5AD /* Event-AppTests */ = {
			isa = PBXGroup;
			children = (
				F5CD459F22FFBA8800DDF5AD /* PresenterTests.swift */,
				F597954B22FFE0AA003A7146 /* MockServices.swift */,
				F5CD45A122FFBA8800DDF5AD /* Info.plist */,
			);
			path = "Event-AppTests";
			sourceTree = "<group>";
		};
/* End PBXGroup section */

/* Begin PBXNativeTarget section */
		F5CD458622FFBA8700DDF5AD /* Event-App */ = {
			isa = PBXNativeTarget;
			buildConfigurationList = F5CD45A422FFBA8800DDF5AD /* Build configuration list for PBXNativeTarget "Event-App" */;
			buildPhases = (
				02E6AB77812FCB2FE49A608A /* [CP] Check Pods Manifest.lock */,
				F5CD458322FFBA8700DDF5AD /* Sources */,
				F5CD458422FFBA8700DDF5AD /* Frameworks */,
				F5CD458522FFBA8700DDF5AD /* Resources */,
				6BF70A5F1517D6CF0F9452C8 /* [CP] Embed Pods Frameworks */,
			);
			buildRules = (
			);
			dependencies = (
			);
			name = "Event-App";
			productName = "Event-App";
			productReference = F5CD458722FFBA8700DDF5AD /* Event-App.app */;
			productType = "com.apple.product-type.application";
		};
		F5CD459A22FFBA8800DDF5AD /* Event-AppTests */ = {
			isa = PBXNativeTarget;
			buildConfigurationList = F5CD45A722FFBA8800DDF5AD /* Build configuration list for PBXNativeTarget "Event-AppTests" */;
			buildPhases = (
				C42DDFE910BB35E8E02FD005 /* [CP] Check Pods Manifest.lock */,
				F5CD459722FFBA8800DDF5AD /* Sources */,
				F5CD459822FFBA8800DDF5AD /* Frameworks */,
				F5CD459922FFBA8800DDF5AD /* Resources */,
			);
			buildRules = (
			);
			dependencies = (
				F5CD459D22FFBA8800DDF5AD /* PBXTargetDependency */,
			);
			name = "Event-AppTests";
			productName = "Event-AppTests";
			productReference = F5CD459B22FFBA8800DDF5AD /* Event-AppTests.xctest */;
			productType = "com.apple.product-type.bundle.unit-test";
		};
/* End PBXNativeTarget section */

/* Begin PBXProject section */
		F5CD457F22FFBA8700DDF5AD /* Project object */ = {
			isa = PBXProject;
			attributes = {
				LastSwiftUpdateCheck = 1020;
				LastUpgradeCheck = 1020;
				ORGANIZATIONNAME = "Christie-Davis";
				TargetAttributes = {
					F5CD458622FFBA8700DDF5AD = {
						CreatedOnToolsVersion = 10.2.1;
					};
					F5CD459A22FFBA8800DDF5AD = {
						CreatedOnToolsVersion = 10.2.1;
						TestTargetID = F5CD458622FFBA8700DDF5AD;
					};
				};
			};
			buildConfigurationList = F5CD458222FFBA8700DDF5AD /* Build configuration list for PBXProject "Event-App" */;
			compatibilityVersion = "Xcode 9.3";
			developmentRegion = en;
			hasScannedForEncodings = 0;
			knownRegions = (
				en,
				Base,
			);
			mainGroup = F5CD457E22FFBA8700DDF5AD;
			productRefGroup = F5CD458822FFBA8700DDF5AD /* Products */;
			projectDirPath = "";
			projectRoot = "";
			targets = (
				F5CD458622FFBA8700DDF5AD /* Event-App */,
				F5CD459A22FFBA8800DDF5AD /* Event-AppTests */,
			);
		};
/* End PBXProject section */

/* Begin PBXResourcesBuildPhase section */
		F5CD458522FFBA8700DDF5AD /* Resources */ = {
			isa = PBXResourcesBuildPhase;
			buildActionMask = 2147483647;
			files = (
				F597954A22FFD972003A7146 /* LoadMoreTableViewCell.xib in Resources */,
				F597954222FFCAB6003A7146 /* EventTableViewCell.xib in Resources */,
				F5CD459522FFBA8800DDF5AD /* LaunchScreen.storyboard in Resources */,
				F5201AF522FFC5B6007E991D /* EventsViewController.xib in Resources */,
				F5CD459222FFBA8800DDF5AD /* Assets.xcassets in Resources */,
			);
			runOnlyForDeploymentPostprocessing = 0;
		};
		F5CD459922FFBA8800DDF5AD /* Resources */ = {
			isa = PBXResourcesBuildPhase;
			buildActionMask = 2147483647;
			files = (
			);
			runOnlyForDeploymentPostprocessing = 0;
		};
/* End PBXResourcesBuildPhase section */

/* Begin PBXShellScriptBuildPhase section */
		02E6AB77812FCB2FE49A608A /* [CP] Check Pods Manifest.lock */ = {
			isa = PBXShellScriptBuildPhase;
			buildActionMask = 2147483647;
			files = (
			);
			inputFileListPaths = (
			);
			inputPaths = (
				"${PODS_PODFILE_DIR_PATH}/Podfile.lock",
				"${PODS_ROOT}/Manifest.lock",
			);
			name = "[CP] Check Pods Manifest.lock";
			outputFileListPaths = (
			);
			outputPaths = (
				"$(DERIVED_FILE_DIR)/Pods-Event-App-checkManifestLockResult.txt",
			);
			runOnlyForDeploymentPostprocessing = 0;
			shellPath = /bin/sh;
			shellScript = "diff \"${PODS_PODFILE_DIR_PATH}/Podfile.lock\" \"${PODS_ROOT}/Manifest.lock\" > /dev/null\nif [ $? != 0 ] ; then\n    # print error to STDERR\n    echo \"error: The sandbox is not in sync with the Podfile.lock. Run 'pod install' or update your CocoaPods installation.\" >&2\n    exit 1\nfi\n# This output is used by Xcode 'outputs' to avoid re-running this script phase.\necho \"SUCCESS\" > \"${SCRIPT_OUTPUT_FILE_0}\"\n";
			showEnvVarsInLog = 0;
		};
		6BF70A5F1517D6CF0F9452C8 /* [CP] Embed Pods Frameworks */ = {
			isa = PBXShellScriptBuildPhase;
			buildActionMask = 2147483647;
			files = (
			);
			inputFileListPaths = (
			);
			inputPaths = (
				"${SRCROOT}/Pods/Target Support Files/Pods-Event-App/Pods-Event-App-frameworks.sh",
				"${BUILT_PRODUCTS_DIR}/Alamofire/Alamofire.framework",
				"${BUILT_PRODUCTS_DIR}/AlamofireImage/AlamofireImage.framework",
				"${BUILT_PRODUCTS_DIR}/PromiseKit/PromiseKit.framework",
			);
			name = "[CP] Embed Pods Frameworks";
			outputFileListPaths = (
			);
			outputPaths = (
				"${TARGET_BUILD_DIR}/${FRAMEWORKS_FOLDER_PATH}/Alamofire.framework",
				"${TARGET_BUILD_DIR}/${FRAMEWORKS_FOLDER_PATH}/AlamofireImage.framework",
				"${TARGET_BUILD_DIR}/${FRAMEWORKS_FOLDER_PATH}/PromiseKit.framework",
			);
			runOnlyForDeploymentPostprocessing = 0;
			shellPath = /bin/sh;
			shellScript = "\"${SRCROOT}/Pods/Target Support Files/Pods-Event-App/Pods-Event-App-frameworks.sh\"\n";
			showEnvVarsInLog = 0;
		};
		C42DDFE910BB35E8E02FD005 /* [CP] Check Pods Manifest.lock */ = {
			isa = PBXShellScriptBuildPhase;
			buildActionMask = 2147483647;
			files = (
			);
			inputFileListPaths = (
			);
			inputPaths = (
				"${PODS_PODFILE_DIR_PATH}/Podfile.lock",
				"${PODS_ROOT}/Manifest.lock",
			);
			name = "[CP] Check Pods Manifest.lock";
			outputFileListPaths = (
			);
			outputPaths = (
				"$(DERIVED_FILE_DIR)/Pods-Event-AppTests-checkManifestLockResult.txt",
			);
			runOnlyForDeploymentPostprocessing = 0;
			shellPath = /bin/sh;
			shellScript = "diff \"${PODS_PODFILE_DIR_PATH}/Podfile.lock\" \"${PODS_ROOT}/Manifest.lock\" > /dev/null\nif [ $? != 0 ] ; then\n    # print error to STDERR\n    echo \"error: The sandbox is not in sync with the Podfile.lock. Run 'pod install' or update your CocoaPods installation.\" >&2\n    exit 1\nfi\n# This output is used by Xcode 'outputs' to avoid re-running this script phase.\necho \"SUCCESS\" > \"${SCRIPT_OUTPUT_FILE_0}\"\n";
			showEnvVarsInLog = 0;
		};
/* End PBXShellScriptBuildPhase section */

/* Begin PBXSourcesBuildPhase section */
		F5CD458322FFBA8700DDF5AD /* Sources */ = {
			isa = PBXSourcesBuildPhase;
			buildActionMask = 2147483647;
			files = (
				F597954122FFCAB6003A7146 /* EventTableViewCell.swift in Sources */,
				F5201AE722FFC4FB007E991D /* AppCoordinator.swift in Sources */,
				F597953D22FFC86A003A7146 /* Event.swift in Sources */,
				F5201AF122FFC5A9007E991D /* EventsPresenter.swift in Sources */,
				F5201AFC22FFC5F1007E991D /* BaseNetworkService.swift in Sources */,
				F597953B22FFC83A003A7146 /* Service Errors.swift in Sources */,
				F5201AFA22FFC5E3007E991D /* NetworkService.swift in Sources */,
				F597954622FFD5A3003A7146 /* DateExtensions.swift in Sources */,
				F5201AEF22FFC598007E991D /* BasePresenter.swift in Sources */,
				F597954422FFD0A0003A7146 /* FavouritesService.swift in Sources */,
				F5CD458D22FFBA8700DDF5AD /* ViewController.swift in Sources */,
				F5201AF822FFC5D7007E991D /* ServiceFactory.swift in Sources */,
				F597954922FFD972003A7146 /* LoadMoreTableViewCell.swift in Sources */,
				F5CD458B22FFBA8700DDF5AD /* AppDelegate.swift in Sources */,
				F5201AF422FFC5B6007E991D /* EventsViewController.swift in Sources */,
			);
			runOnlyForDeploymentPostprocessing = 0;
		};
		F5CD459722FFBA8800DDF5AD /* Sources */ = {
			isa = PBXSourcesBuildPhase;
			buildActionMask = 2147483647;
			files = (
				F5CD45A022FFBA8800DDF5AD /* PresenterTests.swift in Sources */,
				F597954C22FFE0AA003A7146 /* MockServices.swift in Sources */,
			);
			runOnlyForDeploymentPostprocessing = 0;
		};
/* End PBXSourcesBuildPhase section */

/* Begin PBXTargetDependency section */
		F5CD459D22FFBA8800DDF5AD /* PBXTargetDependency */ = {
			isa = PBXTargetDependency;
			target = F5CD458622FFBA8700DDF5AD /* Event-App */;
			targetProxy = F5CD459C22FFBA8800DDF5AD /* PBXContainerItemProxy */;
		};
/* End PBXTargetDependency section */

/* Begin PBXVariantGroup section */
		F5CD459322FFBA8800DDF5AD /* LaunchScreen.storyboard */ = {
			isa = PBXVariantGroup;
			children = (
				F5CD459422FFBA8800DDF5AD /* Base */,
			);
			name = LaunchScreen.storyboard;
			sourceTree = "<group>";
		};
/* End PBXVariantGroup section */

/* Begin XCBuildConfiguration section */
		F5CD45A222FFBA8800DDF5AD /* Debug */ = {
			isa = XCBuildConfiguration;
			buildSettings = {
				ALWAYS_SEARCH_USER_PATHS = NO;
				CLANG_ANALYZER_NONNULL = YES;
				CLANG_ANALYZER_NUMBER_OBJECT_CONVERSION = YES_AGGRESSIVE;
				CLANG_CXX_LANGUAGE_STANDARD = "gnu++14";
				CLANG_CXX_LIBRARY = "libc++";
				CLANG_ENABLE_MODULES = YES;
				CLANG_ENABLE_OBJC_ARC = YES;
				CLANG_ENABLE_OBJC_WEAK = YES;
				CLANG_WARN_BLOCK_CAPTURE_AUTORELEASING = YES;
				CLANG_WARN_BOOL_CONVERSION = YES;
				CLANG_WARN_COMMA = YES;
				CLANG_WARN_CONSTANT_CONVERSION = YES;
				CLANG_WARN_DEPRECATED_OBJC_IMPLEMENTATIONS = YES;
				CLANG_WARN_DIRECT_OBJC_ISA_USAGE = YES_ERROR;
				CLANG_WARN_DOCUMENTATION_COMMENTS = YES;
				CLANG_WARN_EMPTY_BODY = YES;
				CLANG_WARN_ENUM_CONVERSION = YES;
				CLANG_WARN_INFINITE_RECURSION = YES;
				CLANG_WARN_INT_CONVERSION = YES;
				CLANG_WARN_NON_LITERAL_NULL_CONVERSION = YES;
				CLANG_WARN_OBJC_IMPLICIT_RETAIN_SELF = YES;
				CLANG_WARN_OBJC_LITERAL_CONVERSION = YES;
				CLANG_WARN_OBJC_ROOT_CLASS = YES_ERROR;
				CLANG_WARN_RANGE_LOOP_ANALYSIS = YES;
				CLANG_WARN_STRICT_PROTOTYPES = YES;
				CLANG_WARN_SUSPICIOUS_MOVE = YES;
				CLANG_WARN_UNGUARDED_AVAILABILITY = YES_AGGRESSIVE;
				CLANG_WARN_UNREACHABLE_CODE = YES;
				CLANG_WARN__DUPLICATE_METHOD_MATCH = YES;
				CODE_SIGN_IDENTITY = "iPhone Developer";
				COPY_PHASE_STRIP = NO;
				DEBUG_INFORMATION_FORMAT = dwarf;
				ENABLE_STRICT_OBJC_MSGSEND = YES;
				ENABLE_TESTABILITY = YES;
				GCC_C_LANGUAGE_STANDARD = gnu11;
				GCC_DYNAMIC_NO_PIC = NO;
				GCC_NO_COMMON_BLOCKS = YES;
				GCC_OPTIMIZATION_LEVEL = 0;
				GCC_PREPROCESSOR_DEFINITIONS = (
					"DEBUG=1",
					"$(inherited)",
				);
				GCC_WARN_64_TO_32_BIT_CONVERSION = YES;
				GCC_WARN_ABOUT_RETURN_TYPE = YES_ERROR;
				GCC_WARN_UNDECLARED_SELECTOR = YES;
				GCC_WARN_UNINITIALIZED_AUTOS = YES_AGGRESSIVE;
				GCC_WARN_UNUSED_FUNCTION = YES;
				GCC_WARN_UNUSED_VARIABLE = YES;
				IPHONEOS_DEPLOYMENT_TARGET = 12.2;
				MTL_ENABLE_DEBUG_INFO = INCLUDE_SOURCE;
				MTL_FAST_MATH = YES;
				ONLY_ACTIVE_ARCH = YES;
				SDKROOT = iphoneos;
				SWIFT_ACTIVE_COMPILATION_CONDITIONS = DEBUG;
				SWIFT_OPTIMIZATION_LEVEL = "-Onone";
			};
			name = Debug;
		};
		F5CD45A322FFBA8800DDF5AD /* Release */ = {
			isa = XCBuildConfiguration;
			buildSettings = {
				ALWAYS_SEARCH_USER_PATHS = NO;
				CLANG_ANALYZER_NONNULL = YES;
				CLANG_ANALYZER_NUMBER_OBJECT_CONVERSION = YES_AGGRESSIVE;
				CLANG_CXX_LANGUAGE_STANDARD = "gnu++14";
				CLANG_CXX_LIBRARY = "libc++";
				CLANG_ENABLE_MODULES = YES;
				CLANG_ENABLE_OBJC_ARC = YES;
				CLANG_ENABLE_OBJC_WEAK = YES;
				CLANG_WARN_BLOCK_CAPTURE_AUTORELEASING = YES;
				CLANG_WARN_BOOL_CONVERSION = YES;
				CLANG_WARN_COMMA = YES;
				CLANG_WARN_CONSTANT_CONVERSION = YES;
				CLANG_WARN_DEPRECATED_OBJC_IMPLEMENTATIONS = YES;
				CLANG_WARN_DIRECT_OBJC_ISA_USAGE = YES_ERROR;
				CLANG_WARN_DOCUMENTATION_COMMENTS = YES;
				CLANG_WARN_EMPTY_BODY = YES;
				CLANG_WARN_ENUM_CONVERSION = YES;
				CLANG_WARN_INFINITE_RECURSION = YES;
				CLANG_WARN_INT_CONVERSION = YES;
				CLANG_WARN_NON_LITERAL_NULL_CONVERSION = YES;
				CLANG_WARN_OBJC_IMPLICIT_RETAIN_SELF = YES;
				CLANG_WARN_OBJC_LITERAL_CONVERSION = YES;
				CLANG_WARN_OBJC_ROOT_CLASS = YES_ERROR;
				CLANG_WARN_RANGE_LOOP_ANALYSIS = YES;
				CLANG_WARN_STRICT_PROTOTYPES = YES;
				CLANG_WARN_SUSPICIOUS_MOVE = YES;
				CLANG_WARN_UNGUARDED_AVAILABILITY = YES_AGGRESSIVE;
				CLANG_WARN_UNREACHABLE_CODE = YES;
				CLANG_WARN__DUPLICATE_METHOD_MATCH = YES;
				CODE_SIGN_IDENTITY = "iPhone Developer";
				COPY_PHASE_STRIP = NO;
				DEBUG_INFORMATION_FORMAT = "dwarf-with-dsym";
				ENABLE_NS_ASSERTIONS = NO;
				ENABLE_STRICT_OBJC_MSGSEND = YES;
				GCC_C_LANGUAGE_STANDARD = gnu11;
				GCC_NO_COMMON_BLOCKS = YES;
				GCC_WARN_64_TO_32_BIT_CONVERSION = YES;
				GCC_WARN_ABOUT_RETURN_TYPE = YES_ERROR;
				GCC_WARN_UNDECLARED_SELECTOR = YES;
				GCC_WARN_UNINITIALIZED_AUTOS = YES_AGGRESSIVE;
				GCC_WARN_UNUSED_FUNCTION = YES;
				GCC_WARN_UNUSED_VARIABLE = YES;
				IPHONEOS_DEPLOYMENT_TARGET = 12.2;
				MTL_ENABLE_DEBUG_INFO = NO;
				MTL_FAST_MATH = YES;
				SDKROOT = iphoneos;
				SWIFT_COMPILATION_MODE = wholemodule;
				SWIFT_OPTIMIZATION_LEVEL = "-O";
				VALIDATE_PRODUCT = YES;
			};
			name = Release;
		};
		F5CD45A522FFBA8800DDF5AD /* Debug */ = {
			isa = XCBuildConfiguration;
			baseConfigurationReference = 2FC54E4E88AAF4493EE005C7 /* Pods-Event-App.debug.xcconfig */;
			buildSettings = {
				ASSETCATALOG_COMPILER_APPICON_NAME = AppIcon;
				CODE_SIGN_STYLE = Automatic;
				DEVELOPMENT_TEAM = 77B4XKLPCN;
				INFOPLIST_FILE = "$(SRCROOT)/Event-App/Resources/Info.plist";
				LD_RUNPATH_SEARCH_PATHS = (
					"$(inherited)",
					"@executable_path/Frameworks",
				);
				PRODUCT_BUNDLE_IDENTIFIER = "nz.co.davis.christie.Event-App";
				PRODUCT_NAME = "$(TARGET_NAME)";
				SWIFT_VERSION = 5.0;
				TARGETED_DEVICE_FAMILY = "1,2";
			};
			name = Debug;
		};
		F5CD45A622FFBA8800DDF5AD /* Release */ = {
			isa = XCBuildConfiguration;
			baseConfigurationReference = 0AC8958732067069A8EB7AB7 /* Pods-Event-App.release.xcconfig */;
			buildSettings = {
				ASSETCATALOG_COMPILER_APPICON_NAME = AppIcon;
				CODE_SIGN_STYLE = Automatic;
				DEVELOPMENT_TEAM = 77B4XKLPCN;
				INFOPLIST_FILE = "$(SRCROOT)/Event-App/Resources/Info.plist";
				LD_RUNPATH_SEARCH_PATHS = (
					"$(inherited)",
					"@executable_path/Frameworks",
				);
				PRODUCT_BUNDLE_IDENTIFIER = "nz.co.davis.christie.Event-App";
				PRODUCT_NAME = "$(TARGET_NAME)";
				SWIFT_VERSION = 5.0;
				TARGETED_DEVICE_FAMILY = "1,2";
			};
			name = Release;
		};
		F5CD45A822FFBA8800DDF5AD /* Debug */ = {
			isa = XCBuildConfiguration;
			baseConfigurationReference = 0D694FF7D533330196941A0B /* Pods-Event-AppTests.debug.xcconfig */;
			buildSettings = {
				ALWAYS_EMBED_SWIFT_STANDARD_LIBRARIES = YES;
				BUNDLE_LOADER = "$(TEST_HOST)";
				CODE_SIGN_STYLE = Automatic;
				DEVELOPMENT_TEAM = 77B4XKLPCN;
				INFOPLIST_FILE = "Event-AppTests/Info.plist";
				LD_RUNPATH_SEARCH_PATHS = (
					"$(inherited)",
					"@executable_path/Frameworks",
					"@loader_path/Frameworks",
				);
				PRODUCT_BUNDLE_IDENTIFIER = "nz.co.davis.christie.Event-AppTests";
				PRODUCT_NAME = "$(TARGET_NAME)";
				SWIFT_VERSION = 5.0;
				TARGETED_DEVICE_FAMILY = "1,2";
				TEST_HOST = "$(BUILT_PRODUCTS_DIR)/Event-App.app/Event-App";
			};
			name = Debug;
		};
		F5CD45A922FFBA8800DDF5AD /* Release */ = {
			isa = XCBuildConfiguration;
			baseConfigurationReference = 707460BBEEFC88F23161C6DE /* Pods-Event-AppTests.release.xcconfig */;
			buildSettings = {
				ALWAYS_EMBED_SWIFT_STANDARD_LIBRARIES = YES;
				BUNDLE_LOADER = "$(TEST_HOST)";
				CODE_SIGN_STYLE = Automatic;
				DEVELOPMENT_TEAM = 77B4XKLPCN;
				INFOPLIST_FILE = "Event-AppTests/Info.plist";
				LD_RUNPATH_SEARCH_PATHS = (
					"$(inherited)",
					"@executable_path/Frameworks",
					"@loader_path/Frameworks",
				);
				PRODUCT_BUNDLE_IDENTIFIER = "nz.co.davis.christie.Event-AppTests";
				PRODUCT_NAME = "$(TARGET_NAME)";
				SWIFT_VERSION = 5.0;
				TARGETED_DEVICE_FAMILY = "1,2";
				TEST_HOST = "$(BUILT_PRODUCTS_DIR)/Event-App.app/Event-App";
			};
			name = Release;
		};
/* End XCBuildConfiguration section */

/* Begin XCConfigurationList section */
		F5CD458222FFBA8700DDF5AD /* Build configuration list for PBXProject "Event-App" */ = {
			isa = XCConfigurationList;
			buildConfigurations = (
				F5CD45A222FFBA8800DDF5AD /* Debug */,
				F5CD45A322FFBA8800DDF5AD /* Release */,
			);
			defaultConfigurationIsVisible = 0;
			defaultConfigurationName = Release;
		};
		F5CD45A422FFBA8800DDF5AD /* Build configuration list for PBXNativeTarget "Event-App" */ = {
			isa = XCConfigurationList;
			buildConfigurations = (
				F5CD45A522FFBA8800DDF5AD /* Debug */,
				F5CD45A622FFBA8800DDF5AD /* Release */,
			);
			defaultConfigurationIsVisible = 0;
			defaultConfigurationName = Release;
		};
		F5CD45A722FFBA8800DDF5AD /* Build configuration list for PBXNativeTarget "Event-AppTests" */ = {
			isa = XCConfigurationList;
			buildConfigurations = (
				F5CD45A822FFBA8800DDF5AD /* Debug */,
				F5CD45A922FFBA8800DDF5AD /* Release */,
			);
			defaultConfigurationIsVisible = 0;
			defaultConfigurationName = Release;
		};
/* End XCConfigurationList section */
	};
	rootObject = F5CD457F22FFBA8700DDF5AD /* Project object */;
}
